
Microsoft Visual Studio Solution File, Format Version 12.00
# Visual Studio Version 16
VisualStudioVersion = 16.0.33927.289
MinimumVisualStudioVersion = 10.0.40219.1
Project("{FAE04EC0-301F-11D3-BF4B-00C04F79EFBC}") = "Taller3_Prom1_Examen_CesarCadillo", "Taller3_Prom1_Examen_CesarCadillo.csproj", "{74995AC8-A9BE-4D28-A60B-74CA0AD96BAE}"
EndProject
Global
	GlobalSection(SolutionConfigurationPlatforms) = preSolution
		Debug|Any CPU = Debug|Any CPU
		Release|Any CPU = Release|Any CPU
	EndGlobalSection
	GlobalSection(ProjectConfigurationPlatforms) = postSolution
		{74995AC8-A9BE-4D28-A60B-74CA0AD96BAE}.Debug|Any CPU.ActiveCfg = Debug|Any CPU
		{74995AC8-A9BE-4D28-A60B-74CA0AD96BAE}.Debug|Any CPU.Build.0 = Debug|Any CPU
		{74995AC8-A9BE-4D28-A60B-74CA0AD96BAE}.Release|Any CPU.ActiveCfg = Release|Any CPU
		{74995AC8-A9BE-4D28-A60B-74CA0AD96BAE}.Release|Any CPU.Build.0 = Release|Any CPU
	EndGlobalSection
	GlobalSection(SolutionProperties) = preSolution
		HideSolutionNode = FALSE
	EndGlobalSection
	GlobalSection(ExtensibilityGlobals) = postSolution
		SolutionGuid = {413D5038-827A-4140-94C8-E0150664DF94}
	EndGlobalSection
EndGlobal
